
Microsoft Visual Studio Solution File, Format Version 12.00
# Visual Studio Version 16
VisualStudioVersion = 16.0.30011.22
MinimumVisualStudioVersion = 10.0.40219.1
Project("{9A19103F-16F7-4668-BE54-9A1E7A4F7556}") = "DiscordTiktokUploader", "DiscordTiktokUploader\DiscordTiktokUploader.csproj", "{72C70B41-9A61-4A16-BAAE-B615321DFBEB}"
EndProject
Global
	GlobalSection(SolutionConfigurationPlatforms) = preSolution
		Debug|Any CPU = Debug|Any CPU
		Release|Any CPU = Release|Any CPU
	EndGlobalSection
	GlobalSection(ProjectConfigurationPlatforms) = postSolution
		{72C70B41-9A61-4A16-BAAE-B615321DFBEB}.Debug|Any CPU.ActiveCfg = Debug|Any CPU
		{72C70B41-9A61-4A16-BAAE-B615321DFBEB}.Debug|Any CPU.Build.0 = Debug|Any CPU
		{72C70B41-9A61-4A16-BAAE-B615321DFBEB}.Release|Any CPU.ActiveCfg = Release|Any CPU
		{72C70B41-9A61-4A16-BAAE-B615321DFBEB}.Release|Any CPU.Build.0 = Release|Any CPU
	EndGlobalSection
	GlobalSection(SolutionProperties) = preSolution
		HideSolutionNode = FALSE
	EndGlobalSection
	GlobalSection(ExtensibilityGlobals) = postSolution
		SolutionGuid = {F056DB8F-BE9E-4DAD-B620-FA4083DE63EA}
	EndGlobalSection
EndGlobal
